
Microsoft Visual Studio Solution File, Format Version 12.00
Project("{FAE04EC0-301F-11D3-BF4B-00C04F79EFBC}") = "ProductWebAPI", "ProductWebAPI\ProductWebAPI.csproj", "{F24C3480-5213-4D0D-9D16-F5DF16452F65}"
EndProject
Global
	GlobalSection(SolutionConfigurationPlatforms) = preSolution
		Debug|Any CPU = Debug|Any CPU
		Release|Any CPU = Release|Any CPU
	EndGlobalSection
	GlobalSection(ProjectConfigurationPlatforms) = postSolution
		{F24C3480-5213-4D0D-9D16-F5DF16452F65}.Debug|Any CPU.ActiveCfg = Debug|Any CPU
		{F24C3480-5213-4D0D-9D16-F5DF16452F65}.Debug|Any CPU.Build.0 = Debug|Any CPU
		{F24C3480-5213-4D0D-9D16-F5DF16452F65}.Release|Any CPU.ActiveCfg = Release|Any CPU
		{F24C3480-5213-4D0D-9D16-F5DF16452F65}.Release|Any CPU.Build.0 = Release|Any CPU
	EndGlobalSection
EndGlobal
